
Microsoft Visual Studio Solution File, Format Version 12.00
# Visual Studio Version 17
VisualStudioVersion = 17.3.32922.545
MinimumVisualStudioVersion = 10.0.40219.1
Project("{FAE04EC0-301F-11D3-BF4B-00C04F79EFBC}") = "Lab5", "Lab5\Lab5.csproj", "{76FBB99F-28B6-4778-B03F-288384DABCB6}"
EndProject
Global
	GlobalSection(SolutionConfigurationPlatforms) = preSolution
		Debug|Any CPU = Debug|Any CPU
		Release|Any CPU = Release|Any CPU
	EndGlobalSection
	GlobalSection(ProjectConfigurationPlatforms) = postSolution
		{76FBB99F-28B6-4778-B03F-288384DABCB6}.Debug|Any CPU.ActiveCfg = Debug|Any CPU
		{76FBB99F-28B6-4778-B03F-288384DABCB6}.Debug|Any CPU.Build.0 = Debug|Any CPU
		{76FBB99F-28B6-4778-B03F-288384DABCB6}.Release|Any CPU.ActiveCfg = Release|Any CPU
		{76FBB99F-28B6-4778-B03F-288384DABCB6}.Release|Any CPU.Build.0 = Release|Any CPU
	EndGlobalSection
	GlobalSection(SolutionProperties) = preSolution
		HideSolutionNode = FALSE
	EndGlobalSection
	GlobalSection(ExtensibilityGlobals) = postSolution
		SolutionGuid = {2ACA4FE3-A6E1-4135-9617-700EC3AA6040}
	EndGlobalSection
EndGlobal
